
Microsoft Visual Studio Solution File, Format Version 12.00
# Visual Studio 15
Project("{FAE04EC0-301F-11D3-BF4B-00C04F79EFBC}") = "UnityECSTile", "Assembly-CSharp.csproj", "{1F0B7AA1-3EAC-7847-CFFA-3A4C153CA70B}"
EndProject
Global
	GlobalSection(SolutionConfigurationPlatforms) = preSolution
		Debug|Any CPU = Debug|Any CPU
		Release|Any CPU = Release|Any CPU
	EndGlobalSection
	GlobalSection(ProjectConfigurationPlatforms) = postSolution
		{1F0B7AA1-3EAC-7847-CFFA-3A4C153CA70B}.Debug|Any CPU.ActiveCfg = Debug|Any CPU
		{1F0B7AA1-3EAC-7847-CFFA-3A4C153CA70B}.Debug|Any CPU.Build.0 = Debug|Any CPU
		{1F0B7AA1-3EAC-7847-CFFA-3A4C153CA70B}.Release|Any CPU.ActiveCfg = Release|Any CPU
		{1F0B7AA1-3EAC-7847-CFFA-3A4C153CA70B}.Release|Any CPU.Build.0 = Release|Any CPU
	EndGlobalSection
	GlobalSection(SolutionProperties) = preSolution
		HideSolutionNode = FALSE
	EndGlobalSection
EndGlobal
